
Microsoft Visual Studio Solution File, Format Version 12.00
# Visual Studio 15
VisualStudioVersion = 15.0.27703.2042
MinimumVisualStudioVersion = 10.0.40219.1
Project("{FAE04EC0-301F-11D3-BF4B-00C04F79EFBC}") = "QyTech.Core.Reflection", "DllManager\QyTech.Core.Reflection.csproj", "{FF804F4B-9E02-42CF-BBD9-F52B30BEA16C}"
EndProject
Project("{FAE04EC0-301F-11D3-BF4B-00C04F79EFBC}") = "QyTech.Core.Common", "QyTech.Core.Common\QyTech.Core.Common.csproj", "{B6CE0A0C-F4F2-4968-8791-522661E6AC8C}"
EndProject
Project("{FAE04EC0-301F-11D3-BF4B-00C04F79EFBC}") = "QyTech.Core.Helpers", "QyTech.Core.Helpers\QyTech.Core.Helpers.csproj", "{AEB7F3B5-7503-4321-84D1-FF104F295DA3}"
EndProject
Project("{FAE04EC0-301F-11D3-BF4B-00C04F79EFBC}") = "QyTech.Express", "QyTech.Express\QyTech.Express.csproj", "{527619F9-82E2-4879-9231-A541429A0498}"
EndProject
Project("{FAE04EC0-301F-11D3-BF4B-00C04F79EFBC}") = "QyTech.Core", "SunMvc.Core\QyTech.Core.csproj", "{5E104C75-B11B-4206-8FEA-19ECE84D3601}"
EndProject
Project("{FAE04EC0-301F-11D3-BF4B-00C04F79EFBC}") = "SunMvcExpress", "..\QinYiMvc\SunMvcExpress\SunMvcExpress.csproj", "{3560CE92-5D70-4C19-B426-5896095BAA23}"
EndProject
Project("{FAE04EC0-301F-11D3-BF4B-00C04F79EFBC}") = "QyTech.Json", "..\QinYiMvc\QyTech.Json\QyTech.Json.csproj", "{FC481234-AFC4-4A16-B836-3F32627F2811}"
EndProject
Project("{FAE04EC0-301F-11D3-BF4B-00C04F79EFBC}") = "SunMvcExpress.Controllers", "..\QinYiMvc\SunMvcExpress.Controllers\SunMvcExpress.Controllers.csproj", "{9E8ACBAB-3A80-44D3-80C2-B9917B01874A}"
EndProject
Project("{FAE04EC0-301F-11D3-BF4B-00C04F79EFBC}") = "HeatingDSC2", "HeatingDSC\HeatingDSC2.csproj", "{F67913C9-D658-4B18-8DAB-F6BA7F8E5A92}"
EndProject
Project("{FAE04EC0-301F-11D3-BF4B-00C04F79EFBC}") = "HjCommDA", "HjCommDA\HjCommDA.csproj", "{10FC17D6-F4B6-4022-8807-12A96BAAED07}"
EndProject
Project("{FAE04EC0-301F-11D3-BF4B-00C04F79EFBC}") = "QyTech.Communication", "QyTech.Communication\QyTech.Communication.csproj", "{B3916E2F-72F4-474A-A006-90491CD212DE}"
EndProject
Project("{FAE04EC0-301F-11D3-BF4B-00C04F79EFBC}") = "HrzWdzProtocal", "HrzWdzProtocal\HrzWdzProtocal.csproj", "{B66B76AA-47BE-443B-8B55-746DA03E1545}"
EndProject
Project("{FAE04EC0-301F-11D3-BF4B-00C04F79EFBC}") = "HrzHjProtocal2", "HrzHjProtocal2\HrzHjProtocal2.csproj", "{1AE57CC6-7938-4CE5-AE1C-05DD4AF64CDB}"
EndProject
Project("{FAE04EC0-301F-11D3-BF4B-00C04F79EFBC}") = "HrzHjProtocal1", "HrzHjProtocal1\HrzHjProtocal1.csproj", "{DEDC415D-1FB2-41FE-8999-3AB1C16D58E8}"
EndProject
Project("{FAE04EC0-301F-11D3-BF4B-00C04F79EFBC}") = "ProtocalHrzBeiChen", "BeiChenProtocal\ProtocalHrzBeiChen.csproj", "{F1395485-ECC6-4DB1-804D-B8D9B06F2C75}"
EndProject
Project("{FAE04EC0-301F-11D3-BF4B-00C04F79EFBC}") = "ProtocalHrzWuQingHePingLi", "ProtocalWuQingHePingLi\ProtocalHrzWuQingHePingLi.csproj", "{033168B8-3C35-4FB2-BD48-1F823D601675}"
EndProject
Project("{FAE04EC0-301F-11D3-BF4B-00C04F79EFBC}") = "ProtocalBszHjCenter", "ProtocalHjCenterBSZ\ProtocalBszHjCenter.csproj", "{B10DEBC1-6FB5-4369-9077-055C64A64C56}"
EndProject
Project("{FAE04EC0-301F-11D3-BF4B-00C04F79EFBC}") = "ProtocalHrzSanFengYongJi", "ProtocalSanFengYongJi\ProtocalHrzSanFengYongJi.csproj", "{1455E74A-17D8-412D-860A-BA5BDD6D5F25}"
EndProject
Project("{FAE04EC0-301F-11D3-BF4B-00C04F79EFBC}") = "ProtocalHrzWuQingGuangSha", "ProtocalWuQingGuangShaHrz\ProtocalHrzWuQingGuangSha.csproj", "{62367AF8-E23F-4B54-AAA3-0A830C33E9D8}"
EndProject
Project("{FAE04EC0-301F-11D3-BF4B-00C04F79EFBC}") = "ProtocalHrzSheXianXHL", "ProtocalGlfSheXianXHL\ProtocalHrzSheXianXHL.csproj", "{A37DB496-79E7-425A-8BBD-6A30E3A2523B}"
EndProject
Project("{FAE04EC0-301F-11D3-BF4B-00C04F79EFBC}") = "ProtocalGlfSheXian", "ProtocalGlfSheXian\ProtocalGlfSheXian.csproj", "{ED1BD785-3726-4C0D-853E-B98133E5CEC8}"
EndProject
Project("{FAE04EC0-301F-11D3-BF4B-00C04F79EFBC}") = "ProtocalHrzSheXian", "ProtocalHrzSheXian\ProtocalHrzSheXian.csproj", "{A5E4DFF8-2F72-43CE-A107-57E3DC531B28}"
EndProject
Project("{FAE04EC0-301F-11D3-BF4B-00C04F79EFBC}") = "ProtocalGlfGaoDianChang", "ProtocalGlfGaoDianChang\ProtocalGlfGaoDianChang.csproj", "{DB2504AF-7110-40A6-AEDF-FBC6C913048F}"
EndProject
Project("{FAE04EC0-301F-11D3-BF4B-00C04F79EFBC}") = "ProtocalGlfJinLai", "ProtocalGlfJinLai\ProtocalGlfJinLai.csproj", "{B628C153-2081-4555-B637-70B22D29F382}"
EndProject
Project("{FAE04EC0-301F-11D3-BF4B-00C04F79EFBC}") = "ProtocalHrzSheXianJN", "ProtocalHrzSheXianJN\ProtocalHrzSheXianJN.csproj", "{8FB489A0-64FA-4261-B495-86D2B1FBE0E1}"
EndProject
Project("{FAE04EC0-301F-11D3-BF4B-00C04F79EFBC}") = "CommJiXun", "CommJiXun\CommJiXun.csproj", "{9DD31EBB-D053-4FF7-9FA9-F728C602A370}"
EndProject
Project("{FAE04EC0-301F-11D3-BF4B-00C04F79EFBC}") = "HrzHjProtocal12", "HrzHjProtocal12\HrzHjProtocal12.csproj", "{F3EBDD3D-E5A1-4ECB-8960-602D228066F8}"
EndProject
Project("{FAE04EC0-301F-11D3-BF4B-00C04F79EFBC}") = "DSC_FTGath", "DSC_FTGath\DSC_FTGath.csproj", "{142F1DF7-0D12-4273-8378-688DBDA9FF6B}"
EndProject
Project("{FAE04EC0-301F-11D3-BF4B-00C04F79EFBC}") = "DSC_FTHj1", "DSC_FTHj1\DSC_FTHj1.csproj", "{41000DA9-1E11-4620-827F-87E88118B9B3}"
EndProject
Project("{FAE04EC0-301F-11D3-BF4B-00C04F79EFBC}") = "TCPLibrary", "TCPLibrary\TCPLibrary.csproj", "{98CEFAF6-9E78-4DC2-A0B1-69AA7F9F6E21}"
EndProject
Project("{FAE04EC0-301F-11D3-BF4B-00C04F79EFBC}") = "TCPClient", "TCPClient\TCPClient.csproj", "{6D2450F1-6E43-4629-9859-506E938337FD}"
EndProject
Project("{FAE04EC0-301F-11D3-BF4B-00C04F79EFBC}") = "TCPServer", "TCPServer\TCPServer.csproj", "{E51A89AF-7E67-44DC-ADC9-B1AE4F1FA0B2}"
EndProject
Project("{FAE04EC0-301F-11D3-BF4B-00C04F79EFBC}") = "SunMvc.Dao", "SunMvc.Dao\SunMvc.Dao.csproj", "{33E974C1-06FC-40CB-9591-FFE688BE77F6}"
EndProject
Project("{FAE04EC0-301F-11D3-BF4B-00C04F79EFBC}") = "QyTech.WebFormCommuWcf", "QyTech.WebFormCommuWcf\QyTech.WebFormCommuWcf.csproj", "{25C42725-8BFD-4ABF-977D-AC600A663790}"
EndProject
Project("{FAE04EC0-301F-11D3-BF4B-00C04F79EFBC}") = "SunMvc.Dao.SheXianDb", "SunMvc.Dao.SheXianDb\SunMvc.Dao.SheXianDb.csproj", "{1A704009-0ABE-4A42-AFF2-03514E0C5860}"
EndProject
Project("{FAE04EC0-301F-11D3-BF4B-00C04F79EFBC}") = "HrzCity6th", "HrzCity6th\HrzCity6th.csproj", "{05FE020F-A594-40A0-99FF-E61A913B7DC9}"
EndProject
Project("{FAE04EC0-301F-11D3-BF4B-00C04F79EFBC}") = "GlfSheXianHospital", "GlfSheXianHospital\GlfSheXianHospital.csproj", "{16DE5271-2851-47E9-BE5C-F5C1AA6A9764}"
EndProject
Project("{FAE04EC0-301F-11D3-BF4B-00C04F79EFBC}") = "GlfNingHeGl", "GlfNingHeGl\GlfNingHeGl.csproj", "{445176DD-CDB2-4EE3-9FDE-00CC42AFFB70}"
EndProject
Project("{FAE04EC0-301F-11D3-BF4B-00C04F79EFBC}") = "GlfNingHeBgl", "GlfNingHeBgl\GlfNingHeBgl.csproj", "{2E842FA7-CC7E-418A-8D6C-0491DB93F668}"
EndProject
Project("{FAE04EC0-301F-11D3-BF4B-00C04F79EFBC}") = "SunMvc.Dao.NingHeDb", "SunMvc.Dao.NingHeDb\SunMvc.Dao.NingHeDb.csproj", "{4DA8F72C-FAB0-41DA-80A2-D65401503E8E}"
EndProject
Project("{FAE04EC0-301F-11D3-BF4B-00C04F79EFBC}") = "GlfYuanshixian", "GlfYuanshixian\GlfYuanshixian.csproj", "{B557D842-FE16-4A94-BEA5-37CEE20D9AEF}"
EndProject
Project("{FAE04EC0-301F-11D3-BF4B-00C04F79EFBC}") = "HrzYuanshixian", "HrzYuanshixian\HrzYuanshixian.csproj", "{7273484A-4403-400E-998A-42C034276E3F}"
EndProject
Project("{FAE04EC0-301F-11D3-BF4B-00C04F79EFBC}") = "ProtocalHrzWd2", "ProtocalHrzWd2\ProtocalHrzWd2.csproj", "{AB704F4D-EC4F-4D88-9BA2-9E1A5BCFE3D4}"
EndProject
Project("{FAE04EC0-301F-11D3-BF4B-00C04F79EFBC}") = "ProtocalGlfBeiChen", "BeiChenGlfProtocal\ProtocalGlfBeiChen.csproj", "{C720FAFD-8638-4F2A-B3AB-A843BE3C235C}"
EndProject
Project("{FAE04EC0-301F-11D3-BF4B-00C04F79EFBC}") = "GzqProtocal", "GzqProtocal\GzqProtocal.csproj", "{6A4FDAC8-8B42-40E7-8213-143A30CBAD72}"
EndProject
Project("{FAE04EC0-301F-11D3-BF4B-00C04F79EFBC}") = "InHandDtu", "InHandDtu\InHandDtu.csproj", "{4DD8C9DC-17EC-4E7C-BDFA-6476AE22DD30}"
EndProject
Project("{FAE04EC0-301F-11D3-BF4B-00C04F79EFBC}") = "TestInHand", "TestInHand\TestInHand.csproj", "{AED9BDC2-B7F0-4C26-A726-796D51410E89}"
EndProject
Project("{FAE04EC0-301F-11D3-BF4B-00C04F79EFBC}") = "ProtocalGlfZrGZQ", "ProtocalGlfZrGZQ\ProtocalGlfZrGZQ.csproj", "{EF025197-112C-4546-9982-AFD9F7C0B040}"
EndProject
Project("{FAE04EC0-301F-11D3-BF4B-00C04F79EFBC}") = "ProtocalGlfCommon", "ProtocalGlfCommon\ProtocalGlfCommon.csproj", "{B32914FF-FD62-4E2B-945D-81081DA4C65C}"
EndProject
Project("{FAE04EC0-301F-11D3-BF4B-00C04F79EFBC}") = "ProtocalGlfJhkh", "ProtocalGlfJhkh\ProtocalGlfJhkh.csproj", "{091D6F81-6FCB-4975-8E8C-559B3560FD19}"
EndProject
Global
	GlobalSection(SolutionConfigurationPlatforms) = preSolution
		Debug|Any CPU = Debug|Any CPU
		Debug|Mixed Platforms = Debug|Mixed Platforms
		Debug|x86 = Debug|x86
		Release|Any CPU = Release|Any CPU
		Release|Mixed Platforms = Release|Mixed Platforms
		Release|x86 = Release|x86
	EndGlobalSection
	GlobalSection(ProjectConfigurationPlatforms) = postSolution
		{FF804F4B-9E02-42CF-BBD9-F52B30BEA16C}.Debug|Any CPU.ActiveCfg = Debug|Any CPU
		{FF804F4B-9E02-42CF-BBD9-F52B30BEA16C}.Debug|Any CPU.Build.0 = Debug|Any CPU
		{FF804F4B-9E02-42CF-BBD9-F52B30BEA16C}.Debug|Mixed Platforms.ActiveCfg = Debug|Any CPU
		{FF804F4B-9E02-42CF-BBD9-F52B30BEA16C}.Debug|x86.ActiveCfg = Debug|Any CPU
		{FF804F4B-9E02-42CF-BBD9-F52B30BEA16C}.Release|Any CPU.ActiveCfg = Release|Any CPU
		{FF804F4B-9E02-42CF-BBD9-F52B30BEA16C}.Release|Any CPU.Build.0 = Release|Any CPU
		{FF804F4B-9E02-42CF-BBD9-F52B30BEA16C}.Release|Mixed Platforms.ActiveCfg = Release|Any CPU
		{FF804F4B-9E02-42CF-BBD9-F52B30BEA16C}.Release|x86.ActiveCfg = Release|Any CPU
		{B6CE0A0C-F4F2-4968-8791-522661E6AC8C}.Debug|Any CPU.ActiveCfg = Debug|Any CPU
		{B6CE0A0C-F4F2-4968-8791-522661E6AC8C}.Debug|Any CPU.Build.0 = Debug|Any CPU
		{B6CE0A0C-F4F2-4968-8791-522661E6AC8C}.Debug|Mixed Platforms.ActiveCfg = Debug|Any CPU
		{B6CE0A0C-F4F2-4968-8791-522661E6AC8C}.Debug|x86.ActiveCfg = Debug|Any CPU
		{B6CE0A0C-F4F2-4968-8791-522661E6AC8C}.Release|Any CPU.ActiveCfg = Release|Any CPU
		{B6CE0A0C-F4F2-4968-8791-522661E6AC8C}.Release|Any CPU.Build.0 = Release|Any CPU
		{B6CE0A0C-F4F2-4968-8791-522661E6AC8C}.Release|Mixed Platforms.ActiveCfg = Release|Any CPU
		{B6CE0A0C-F4F2-4968-8791-522661E6AC8C}.Release|x86.ActiveCfg = Release|Any CPU
		{AEB7F3B5-7503-4321-84D1-FF104F295DA3}.Debug|Any CPU.ActiveCfg = Debug|Any CPU
		{AEB7F3B5-7503-4321-84D1-FF104F295DA3}.Debug|Any CPU.Build.0 = Debug|Any CPU
		{AEB7F3B5-7503-4321-84D1-FF104F295DA3}.Debug|Mixed Platforms.ActiveCfg = Debug|Any CPU
		{AEB7F3B5-7503-4321-84D1-FF104F295DA3}.Debug|x86.ActiveCfg = Debug|Any CPU
		{AEB7F3B5-7503-4321-84D1-FF104F295DA3}.Release|Any CPU.ActiveCfg = Release|Any CPU
		{AEB7F3B5-7503-4321-84D1-FF104F295DA3}.Release|Any CPU.Build.0 = Release|Any CPU
		{AEB7F3B5-7503-4321-84D1-FF104F295DA3}.Release|Mixed Platforms.ActiveCfg = Release|Any CPU
		{AEB7F3B5-7503-4321-84D1-FF104F295DA3}.Release|x86.ActiveCfg = Release|Any CPU
		{527619F9-82E2-4879-9231-A541429A0498}.Debug|Any CPU.ActiveCfg = Debug|Any CPU
		{527619F9-82E2-4879-9231-A541429A0498}.Debug|Any CPU.Build.0 = Debug|Any CPU
		{527619F9-82E2-4879-9231-A541429A0498}.Debug|Mixed Platforms.ActiveCfg = Debug|Any CPU
		{527619F9-82E2-4879-9231-A541429A0498}.Debug|x86.ActiveCfg = Debug|Any CPU
		{527619F9-82E2-4879-9231-A541429A0498}.Release|Any CPU.ActiveCfg = Release|Any CPU
		{527619F9-82E2-4879-9231-A541429A0498}.Release|Any CPU.Build.0 = Release|Any CPU
		{527619F9-82E2-4879-9231-A541429A0498}.Release|Mixed Platforms.ActiveCfg = Release|Any CPU
		{527619F9-82E2-4879-9231-A541429A0498}.Release|x86.ActiveCfg = Release|Any CPU
		{5E104C75-B11B-4206-8FEA-19ECE84D3601}.Debug|Any CPU.ActiveCfg = Debug|Any CPU
		{5E104C75-B11B-4206-8FEA-19ECE84D3601}.Debug|Any CPU.Build.0 = Debug|Any CPU
		{5E104C75-B11B-4206-8FEA-19ECE84D3601}.Debug|Mixed Platforms.ActiveCfg = Debug|x86
		{5E104C75-B11B-4206-8FEA-19ECE84D3601}.Debug|Mixed Platforms.Build.0 = Debug|x86
		{5E104C75-B11B-4206-8FEA-19ECE84D3601}.Debug|x86.ActiveCfg = Debug|x86
		{5E104C75-B11B-4206-8FEA-19ECE84D3601}.Debug|x86.Build.0 = Debug|x86
		{5E104C75-B11B-4206-8FEA-19ECE84D3601}.Release|Any CPU.ActiveCfg = Release|Any CPU
		{5E104C75-B11B-4206-8FEA-19ECE84D3601}.Release|Any CPU.Build.0 = Release|Any CPU
		{5E104C75-B11B-4206-8FEA-19ECE84D3601}.Release|Mixed Platforms.ActiveCfg = Release|x86
		{5E104C75-B11B-4206-8FEA-19ECE84D3601}.Release|Mixed Platforms.Build.0 = Release|x86
		{5E104C75-B11B-4206-8FEA-19ECE84D3601}.Release|x86.ActiveCfg = Release|x86
		{5E104C75-B11B-4206-8FEA-19ECE84D3601}.Release|x86.Build.0 = Release|x86
		{3560CE92-5D70-4C19-B426-5896095BAA23}.Debug|Any CPU.ActiveCfg = Debug|Any CPU
		{3560CE92-5D70-4C19-B426-5896095BAA23}.Debug|Any CPU.Build.0 = Debug|Any CPU
		{3560CE92-5D70-4C19-B426-5896095BAA23}.Debug|Mixed Platforms.ActiveCfg = Debug|Any CPU
		{3560CE92-5D70-4C19-B426-5896095BAA23}.Debug|x86.ActiveCfg = Debug|Any CPU
		{3560CE92-5D70-4C19-B426-5896095BAA23}.Release|Any CPU.ActiveCfg = Release|Any CPU
		{3560CE92-5D70-4C19-B426-5896095BAA23}.Release|Any CPU.Build.0 = Release|Any CPU
		{3560CE92-5D70-4C19-B426-5896095BAA23}.Release|Mixed Platforms.ActiveCfg = Release|Any CPU
		{3560CE92-5D70-4C19-B426-5896095BAA23}.Release|x86.ActiveCfg = Release|Any CPU
		{FC481234-AFC4-4A16-B836-3F32627F2811}.Debug|Any CPU.ActiveCfg = Debug|Any CPU
		{FC481234-AFC4-4A16-B836-3F32627F2811}.Debug|Any CPU.Build.0 = Debug|Any CPU
		{FC481234-AFC4-4A16-B836-3F32627F2811}.Debug|Mixed Platforms.ActiveCfg = Debug|Any CPU
		{FC481234-AFC4-4A16-B836-3F32627F2811}.Debug|x86.ActiveCfg = Debug|Any CPU
		{FC481234-AFC4-4A16-B836-3F32627F2811}.Release|Any CPU.ActiveCfg = Release|Any CPU
		{FC481234-AFC4-4A16-B836-3F32627F2811}.Release|Any CPU.Build.0 = Release|Any CPU
		{FC481234-AFC4-4A16-B836-3F32627F2811}.Release|Mixed Platforms.ActiveCfg = Release|Any CPU
		{FC481234-AFC4-4A16-B836-3F32627F2811}.Release|x86.ActiveCfg = Release|Any CPU
		{9E8ACBAB-3A80-44D3-80C2-B9917B01874A}.Debug|Any CPU.ActiveCfg = Debug|Any CPU
		{9E8ACBAB-3A80-44D3-80C2-B9917B01874A}.Debug|Any CPU.Build.0 = Debug|Any CPU
		{9E8ACBAB-3A80-44D3-80C2-B9917B01874A}.Debug|Mixed Platforms.ActiveCfg = Debug|Any CPU
		{9E8ACBAB-3A80-44D3-80C2-B9917B01874A}.Debug|x86.ActiveCfg = Debug|Any CPU
		{9E8ACBAB-3A80-44D3-80C2-B9917B01874A}.Release|Any CPU.ActiveCfg = Release|Any CPU
		{9E8ACBAB-3A80-44D3-80C2-B9917B01874A}.Release|Any CPU.Build.0 = Release|Any CPU
		{9E8ACBAB-3A80-44D3-80C2-B9917B01874A}.Release|Mixed Platforms.ActiveCfg = Release|Any CPU
		{9E8ACBAB-3A80-44D3-80C2-B9917B01874A}.Release|x86.ActiveCfg = Release|Any CPU
		{F67913C9-D658-4B18-8DAB-F6BA7F8E5A92}.Debug|Any CPU.ActiveCfg = Debug|x86
		{F67913C9-D658-4B18-8DAB-F6BA7F8E5A92}.Debug|Mixed Platforms.ActiveCfg = Debug|x86
		{F67913C9-D658-4B18-8DAB-F6BA7F8E5A92}.Debug|Mixed Platforms.Build.0 = Debug|x86
		{F67913C9-D658-4B18-8DAB-F6BA7F8E5A92}.Debug|x86.ActiveCfg = Debug|x86
		{F67913C9-D658-4B18-8DAB-F6BA7F8E5A92}.Debug|x86.Build.0 = Debug|x86
		{F67913C9-D658-4B18-8DAB-F6BA7F8E5A92}.Release|Any CPU.ActiveCfg = Release|x86
		{F67913C9-D658-4B18-8DAB-F6BA7F8E5A92}.Release|Mixed Platforms.ActiveCfg = Release|x86
		{F67913C9-D658-4B18-8DAB-F6BA7F8E5A92}.Release|Mixed Platforms.Build.0 = Release|x86
		{F67913C9-D658-4B18-8DAB-F6BA7F8E5A92}.Release|x86.ActiveCfg = Release|x86
		{F67913C9-D658-4B18-8DAB-F6BA7F8E5A92}.Release|x86.Build.0 = Release|x86
		{10FC17D6-F4B6-4022-8807-12A96BAAED07}.Debug|Any CPU.ActiveCfg = Debug|Any CPU
		{10FC17D6-F4B6-4022-8807-12A96BAAED07}.Debug|Any CPU.Build.0 = Debug|Any CPU
		{10FC17D6-F4B6-4022-8807-12A96BAAED07}.Debug|Mixed Platforms.ActiveCfg = Debug|Any CPU
		{10FC17D6-F4B6-4022-8807-12A96BAAED07}.Debug|Mixed Platforms.Build.0 = Debug|Any CPU
		{10FC17D6-F4B6-4022-8807-12A96BAAED07}.Debug|x86.ActiveCfg = Debug|Any CPU
		{10FC17D6-F4B6-4022-8807-12A96BAAED07}.Release|Any CPU.ActiveCfg = Release|Any CPU
		{10FC17D6-F4B6-4022-8807-12A96BAAED07}.Release|Any CPU.Build.0 = Release|Any CPU
		{10FC17D6-F4B6-4022-8807-12A96BAAED07}.Release|Mixed Platforms.ActiveCfg = Release|Any CPU
		{10FC17D6-F4B6-4022-8807-12A96BAAED07}.Release|Mixed Platforms.Build.0 = Release|Any CPU
		{10FC17D6-F4B6-4022-8807-12A96BAAED07}.Release|x86.ActiveCfg = Release|Any CPU
		{B3916E2F-72F4-474A-A006-90491CD212DE}.Debug|Any CPU.ActiveCfg = Debug|Any CPU
		{B3916E2F-72F4-474A-A006-90491CD212DE}.Debug|Any CPU.Build.0 = Debug|Any CPU
		{B3916E2F-72F4-474A-A006-90491CD212DE}.Debug|Mixed Platforms.ActiveCfg = Debug|Any CPU
		{B3916E2F-72F4-474A-A006-90491CD212DE}.Debug|Mixed Platforms.Build.0 = Debug|Any CPU
		{B3916E2F-72F4-474A-A006-90491CD212DE}.Debug|x86.ActiveCfg = Debug|Any CPU
		{B3916E2F-72F4-474A-A006-90491CD212DE}.Release|Any CPU.ActiveCfg = Release|Any CPU
		{B3916E2F-72F4-474A-A006-90491CD212DE}.Release|Any CPU.Build.0 = Release|Any CPU
		{B3916E2F-72F4-474A-A006-90491CD212DE}.Release|Mixed Platforms.ActiveCfg = Release|Any CPU
		{B3916E2F-72F4-474A-A006-90491CD212DE}.Release|Mixed Platforms.Build.0 = Release|Any CPU
		{B3916E2F-72F4-474A-A006-90491CD212DE}.Release|x86.ActiveCfg = Release|Any CPU
		{B66B76AA-47BE-443B-8B55-746DA03E1545}.Debug|Any CPU.ActiveCfg = Debug|Any CPU
		{B66B76AA-47BE-443B-8B55-746DA03E1545}.Debug|Any CPU.Build.0 = Debug|Any CPU
		{B66B76AA-47BE-443B-8B55-746DA03E1545}.Debug|Mixed Platforms.ActiveCfg = Debug|Any CPU
		{B66B76AA-47BE-443B-8B55-746DA03E1545}.Debug|Mixed Platforms.Build.0 = Debug|Any CPU
		{B66B76AA-47BE-443B-8B55-746DA03E1545}.Debug|x86.ActiveCfg = Debug|Any CPU
		{B66B76AA-47BE-443B-8B55-746DA03E1545}.Release|Any CPU.ActiveCfg = Release|Any CPU
		{B66B76AA-47BE-443B-8B55-746DA03E1545}.Release|Any CPU.Build.0 = Release|Any CPU
		{B66B76AA-47BE-443B-8B55-746DA03E1545}.Release|Mixed Platforms.ActiveCfg = Release|Any CPU
		{B66B76AA-47BE-443B-8B55-746DA03E1545}.Release|Mixed Platforms.Build.0 = Release|Any CPU
		{B66B76AA-47BE-443B-8B55-746DA03E1545}.Release|x86.ActiveCfg = Release|Any CPU
		{1AE57CC6-7938-4CE5-AE1C-05DD4AF64CDB}.Debug|Any CPU.ActiveCfg = Debug|Any CPU
		{1AE57CC6-7938-4CE5-AE1C-05DD4AF64CDB}.Debug|Any CPU.Build.0 = Debug|Any CPU
		{1AE57CC6-7938-4CE5-AE1C-05DD4AF64CDB}.Debug|Mixed Platforms.ActiveCfg = Debug|Any CPU
		{1AE57CC6-7938-4CE5-AE1C-05DD4AF64CDB}.Debug|Mixed Platforms.Build.0 = Debug|Any CPU
		{1AE57CC6-7938-4CE5-AE1C-05DD4AF64CDB}.Debug|x86.ActiveCfg = Debug|Any CPU
		{1AE57CC6-7938-4CE5-AE1C-05DD4AF64CDB}.Release|Any CPU.ActiveCfg = Release|Any CPU
		{1AE57CC6-7938-4CE5-AE1C-05DD4AF64CDB}.Release|Any CPU.Build.0 = Release|Any CPU
		{1AE57CC6-7938-4CE5-AE1C-05DD4AF64CDB}.Release|Mixed Platforms.ActiveCfg = Release|Any CPU
		{1AE57CC6-7938-4CE5-AE1C-05DD4AF64CDB}.Release|Mixed Platforms.Build.0 = Release|Any CPU
		{1AE57CC6-7938-4CE5-AE1C-05DD4AF64CDB}.Release|x86.ActiveCfg = Release|Any CPU
		{DEDC415D-1FB2-41FE-8999-3AB1C16D58E8}.Debug|Any CPU.ActiveCfg = Debug|Any CPU
		{DEDC415D-1FB2-41FE-8999-3AB1C16D58E8}.Debug|Any CPU.Build.0 = Debug|Any CPU
		{DEDC415D-1FB2-41FE-8999-3AB1C16D58E8}.Debug|Mixed Platforms.ActiveCfg = Debug|Any CPU
		{DEDC415D-1FB2-41FE-8999-3AB1C16D58E8}.Debug|Mixed Platforms.Build.0 = Debug|Any CPU
		{DEDC415D-1FB2-41FE-8999-3AB1C16D58E8}.Debug|x86.ActiveCfg = Debug|Any CPU
		{DEDC415D-1FB2-41FE-8999-3AB1C16D58E8}.Release|Any CPU.ActiveCfg = Release|Any CPU
		{DEDC415D-1FB2-41FE-8999-3AB1C16D58E8}.Release|Any CPU.Build.0 = Release|Any CPU
		{DEDC415D-1FB2-41FE-8999-3AB1C16D58E8}.Release|Mixed Platforms.ActiveCfg = Release|Any CPU
		{DEDC415D-1FB2-41FE-8999-3AB1C16D58E8}.Release|Mixed Platforms.Build.0 = Release|Any CPU
		{DEDC415D-1FB2-41FE-8999-3AB1C16D58E8}.Release|x86.ActiveCfg = Release|Any CPU
		{F1395485-ECC6-4DB1-804D-B8D9B06F2C75}.Debug|Any CPU.ActiveCfg = Debug|Any CPU
		{F1395485-ECC6-4DB1-804D-B8D9B06F2C75}.Debug|Any CPU.Build.0 = Debug|Any CPU
		{F1395485-ECC6-4DB1-804D-B8D9B06F2C75}.Debug|Mixed Platforms.ActiveCfg = Debug|Any CPU
		{F1395485-ECC6-4DB1-804D-B8D9B06F2C75}.Debug|Mixed Platforms.Build.0 = Debug|Any CPU
		{F1395485-ECC6-4DB1-804D-B8D9B06F2C75}.Debug|x86.ActiveCfg = Debug|Any CPU
		{F1395485-ECC6-4DB1-804D-B8D9B06F2C75}.Release|Any CPU.ActiveCfg = Release|Any CPU
		{F1395485-ECC6-4DB1-804D-B8D9B06F2C75}.Release|Any CPU.Build.0 = Release|Any CPU
		{F1395485-ECC6-4DB1-804D-B8D9B06F2C75}.Release|Mixed Platforms.ActiveCfg = Release|Any CPU
		{F1395485-ECC6-4DB1-804D-B8D9B06F2C75}.Release|Mixed Platforms.Build.0 = Release|Any CPU
		{F1395485-ECC6-4DB1-804D-B8D9B06F2C75}.Release|x86.ActiveCfg = Release|Any CPU
		{033168B8-3C35-4FB2-BD48-1F823D601675}.Debug|Any CPU.ActiveCfg = Debug|Any CPU
		{033168B8-3C35-4FB2-BD48-1F823D601675}.Debug|Any CPU.Build.0 = Debug|Any CPU
		{033168B8-3C35-4FB2-BD48-1F823D601675}.Debug|Mixed Platforms.ActiveCfg = Debug|Any CPU
		{033168B8-3C35-4FB2-BD48-1F823D601675}.Debug|Mixed Platforms.Build.0 = Debug|Any CPU
		{033168B8-3C35-4FB2-BD48-1F823D601675}.Debug|x86.ActiveCfg = Debug|Any CPU
		{033168B8-3C35-4FB2-BD48-1F823D601675}.Release|Any CPU.ActiveCfg = Release|Any CPU
		{033168B8-3C35-4FB2-BD48-1F823D601675}.Release|Any CPU.Build.0 = Release|Any CPU
		{033168B8-3C35-4FB2-BD48-1F823D601675}.Release|Mixed Platforms.ActiveCfg = Release|Any CPU
		{033168B8-3C35-4FB2-BD48-1F823D601675}.Release|Mixed Platforms.Build.0 = Release|Any CPU
		{033168B8-3C35-4FB2-BD48-1F823D601675}.Release|x86.ActiveCfg = Release|Any CPU
		{B10DEBC1-6FB5-4369-9077-055C64A64C56}.Debug|Any CPU.ActiveCfg = Debug|Any CPU
		{B10DEBC1-6FB5-4369-9077-055C64A64C56}.Debug|Any CPU.Build.0 = Debug|Any CPU
		{B10DEBC1-6FB5-4369-9077-055C64A64C56}.Debug|Mixed Platforms.ActiveCfg = Debug|Any CPU
		{B10DEBC1-6FB5-4369-9077-055C64A64C56}.Debug|Mixed Platforms.Build.0 = Debug|Any CPU
		{B10DEBC1-6FB5-4369-9077-055C64A64C56}.Debug|x86.ActiveCfg = Debug|Any CPU
		{B10DEBC1-6FB5-4369-9077-055C64A64C56}.Release|Any CPU.ActiveCfg = Release|Any CPU
		{B10DEBC1-6FB5-4369-9077-055C64A64C56}.Release|Any CPU.Build.0 = Release|Any CPU
		{B10DEBC1-6FB5-4369-9077-055C64A64C56}.Release|Mixed Platforms.ActiveCfg = Release|Any CPU
		{B10DEBC1-6FB5-4369-9077-055C64A64C56}.Release|Mixed Platforms.Build.0 = Release|Any CPU
		{B10DEBC1-6FB5-4369-9077-055C64A64C56}.Release|x86.ActiveCfg = Release|Any CPU
		{1455E74A-17D8-412D-860A-BA5BDD6D5F25}.Debug|Any CPU.ActiveCfg = Debug|Any CPU
		{1455E74A-17D8-412D-860A-BA5BDD6D5F25}.Debug|Any CPU.Build.0 = Debug|Any CPU
		{1455E74A-17D8-412D-860A-BA5BDD6D5F25}.Debug|Mixed Platforms.ActiveCfg = Debug|Any CPU
		{1455E74A-17D8-412D-860A-BA5BDD6D5F25}.Debug|Mixed Platforms.Build.0 = Debug|Any CPU
		{1455E74A-17D8-412D-860A-BA5BDD6D5F25}.Debug|x86.ActiveCfg = Debug|Any CPU
		{1455E74A-17D8-412D-860A-BA5BDD6D5F25}.Release|Any CPU.ActiveCfg = Release|Any CPU
		{1455E74A-17D8-412D-860A-BA5BDD6D5F25}.Release|Any CPU.Build.0 = Release|Any CPU
		{1455E74A-17D8-412D-860A-BA5BDD6D5F25}.Release|Mixed Platforms.ActiveCfg = Release|Any CPU
		{1455E74A-17D8-412D-860A-BA5BDD6D5F25}.Release|Mixed Platforms.Build.0 = Release|Any CPU
		{1455E74A-17D8-412D-860A-BA5BDD6D5F25}.Release|x86.ActiveCfg = Release|Any CPU
		{62367AF8-E23F-4B54-AAA3-0A830C33E9D8}.Debug|Any CPU.ActiveCfg = Debug|Any CPU
		{62367AF8-E23F-4B54-AAA3-0A830C33E9D8}.Debug|Any CPU.Build.0 = Debug|Any CPU
		{62367AF8-E23F-4B54-AAA3-0A830C33E9D8}.Debug|Mixed Platforms.ActiveCfg = Debug|Any CPU
		{62367AF8-E23F-4B54-AAA3-0A830C33E9D8}.Debug|Mixed Platforms.Build.0 = Debug|Any CPU
		{62367AF8-E23F-4B54-AAA3-0A830C33E9D8}.Debug|x86.ActiveCfg = Debug|Any CPU
		{62367AF8-E23F-4B54-AAA3-0A830C33E9D8}.Release|Any CPU.ActiveCfg = Release|Any CPU
		{62367AF8-E23F-4B54-AAA3-0A830C33E9D8}.Release|Any CPU.Build.0 = Release|Any CPU
		{62367AF8-E23F-4B54-AAA3-0A830C33E9D8}.Release|Mixed Platforms.ActiveCfg = Release|Any CPU
		{62367AF8-E23F-4B54-AAA3-0A830C33E9D8}.Release|Mixed Platforms.Build.0 = Release|Any CPU
		{62367AF8-E23F-4B54-AAA3-0A830C33E9D8}.Release|x86.ActiveCfg = Release|Any CPU
		{A37DB496-79E7-425A-8BBD-6A30E3A2523B}.Debug|Any CPU.ActiveCfg = Debug|Any CPU
		{A37DB496-79E7-425A-8BBD-6A30E3A2523B}.Debug|Any CPU.Build.0 = Debug|Any CPU
		{A37DB496-79E7-425A-8BBD-6A30E3A2523B}.Debug|Mixed Platforms.ActiveCfg = Debug|Any CPU
		{A37DB496-79E7-425A-8BBD-6A30E3A2523B}.Debug|Mixed Platforms.Build.0 = Debug|Any CPU
		{A37DB496-79E7-425A-8BBD-6A30E3A2523B}.Debug|x86.ActiveCfg = Debug|Any CPU
		{A37DB496-79E7-425A-8BBD-6A30E3A2523B}.Release|Any CPU.ActiveCfg = Release|Any CPU
		{A37DB496-79E7-425A-8BBD-6A30E3A2523B}.Release|Any CPU.Build.0 = Release|Any CPU
		{A37DB496-79E7-425A-8BBD-6A30E3A2523B}.Release|Mixed Platforms.ActiveCfg = Release|Any CPU
		{A37DB496-79E7-425A-8BBD-6A30E3A2523B}.Release|Mixed Platforms.Build.0 = Release|Any CPU
		{A37DB496-79E7-425A-8BBD-6A30E3A2523B}.Release|x86.ActiveCfg = Release|Any CPU
		{ED1BD785-3726-4C0D-853E-B98133E5CEC8}.Debug|Any CPU.ActiveCfg = Debug|Any CPU
		{ED1BD785-3726-4C0D-853E-B98133E5CEC8}.Debug|Any CPU.Build.0 = Debug|Any CPU
		{ED1BD785-3726-4C0D-853E-B98133E5CEC8}.Debug|Mixed Platforms.ActiveCfg = Debug|Any CPU
		{ED1BD785-3726-4C0D-853E-B98133E5CEC8}.Debug|Mixed Platforms.Build.0 = Debug|Any CPU
		{ED1BD785-3726-4C0D-853E-B98133E5CEC8}.Debug|x86.ActiveCfg = Debug|Any CPU
		{ED1BD785-3726-4C0D-853E-B98133E5CEC8}.Release|Any CPU.ActiveCfg = Release|Any CPU
		{ED1BD785-3726-4C0D-853E-B98133E5CEC8}.Release|Any CPU.Build.0 = Release|Any CPU
		{ED1BD785-3726-4C0D-853E-B98133E5CEC8}.Release|Mixed Platforms.ActiveCfg = Release|Any CPU
		{ED1BD785-3726-4C0D-853E-B98133E5CEC8}.Release|Mixed Platforms.Build.0 = Release|Any CPU
		{ED1BD785-3726-4C0D-853E-B98133E5CEC8}.Release|x86.ActiveCfg = Release|Any CPU
		{A5E4DFF8-2F72-43CE-A107-57E3DC531B28}.Debug|Any CPU.ActiveCfg = Debug|Any CPU
		{A5E4DFF8-2F72-43CE-A107-57E3DC531B28}.Debug|Any CPU.Build.0 = Debug|Any CPU
		{A5E4DFF8-2F72-43CE-A107-57E3DC531B28}.Debug|Mixed Platforms.ActiveCfg = Debug|Any CPU
		{A5E4DFF8-2F72-43CE-A107-57E3DC531B28}.Debug|Mixed Platforms.Build.0 = Debug|Any CPU
		{A5E4DFF8-2F72-43CE-A107-57E3DC531B28}.Debug|x86.ActiveCfg = Debug|Any CPU
		{A5E4DFF8-2F72-43CE-A107-57E3DC531B28}.Release|Any CPU.ActiveCfg = Release|Any CPU
		{A5E4DFF8-2F72-43CE-A107-57E3DC531B28}.Release|Any CPU.Build.0 = Release|Any CPU
		{A5E4DFF8-2F72-43CE-A107-57E3DC531B28}.Release|Mixed Platforms.ActiveCfg = Release|Any CPU
		{A5E4DFF8-2F72-43CE-A107-57E3DC531B28}.Release|Mixed Platforms.Build.0 = Release|Any CPU
		{A5E4DFF8-2F72-43CE-A107-57E3DC531B28}.Release|x86.ActiveCfg = Release|Any CPU
		{DB2504AF-7110-40A6-AEDF-FBC6C913048F}.Debug|Any CPU.ActiveCfg = Debug|Any CPU
		{DB2504AF-7110-40A6-AEDF-FBC6C913048F}.Debug|Any CPU.Build.0 = Debug|Any CPU
		{DB2504AF-7110-40A6-AEDF-FBC6C913048F}.Debug|Mixed Platforms.ActiveCfg = Debug|Any CPU
		{DB2504AF-7110-40A6-AEDF-FBC6C913048F}.Debug|Mixed Platforms.Build.0 = Debug|Any CPU
		{DB2504AF-7110-40A6-AEDF-FBC6C913048F}.Debug|x86.ActiveCfg = Debug|Any CPU
		{DB2504AF-7110-40A6-AEDF-FBC6C913048F}.Release|Any CPU.ActiveCfg = Release|Any CPU
		{DB2504AF-7110-40A6-AEDF-FBC6C913048F}.Release|Any CPU.Build.0 = Release|Any CPU
		{DB2504AF-7110-40A6-AEDF-FBC6C913048F}.Release|Mixed Platforms.ActiveCfg = Release|Any CPU
		{DB2504AF-7110-40A6-AEDF-FBC6C913048F}.Release|Mixed Platforms.Build.0 = Release|Any CPU
		{DB2504AF-7110-40A6-AEDF-FBC6C913048F}.Release|x86.ActiveCfg = Release|Any CPU
		{B628C153-2081-4555-B637-70B22D29F382}.Debug|Any CPU.ActiveCfg = Debug|Any CPU
		{B628C153-2081-4555-B637-70B22D29F382}.Debug|Any CPU.Build.0 = Debug|Any CPU
		{B628C153-2081-4555-B637-70B22D29F382}.Debug|Mixed Platforms.ActiveCfg = Debug|Any CPU
		{B628C153-2081-4555-B637-70B22D29F382}.Debug|Mixed Platforms.Build.0 = Debug|Any CPU
		{B628C153-2081-4555-B637-70B22D29F382}.Debug|x86.ActiveCfg = Debug|Any CPU
		{B628C153-2081-4555-B637-70B22D29F382}.Release|Any CPU.ActiveCfg = Release|Any CPU
		{B628C153-2081-4555-B637-70B22D29F382}.Release|Any CPU.Build.0 = Release|Any CPU
		{B628C153-2081-4555-B637-70B22D29F382}.Release|Mixed Platforms.ActiveCfg = Release|Any CPU
		{B628C153-2081-4555-B637-70B22D29F382}.Release|Mixed Platforms.Build.0 = Release|Any CPU
		{B628C153-2081-4555-B637-70B22D29F382}.Release|x86.ActiveCfg = Release|Any CPU
		{8FB489A0-64FA-4261-B495-86D2B1FBE0E1}.Debug|Any CPU.ActiveCfg = Debug|Any CPU
		{8FB489A0-64FA-4261-B495-86D2B1FBE0E1}.Debug|Any CPU.Build.0 = Debug|Any CPU
		{8FB489A0-64FA-4261-B495-86D2B1FBE0E1}.Debug|Mixed Platforms.ActiveCfg = Debug|Any CPU
		{8FB489A0-64FA-4261-B495-86D2B1FBE0E1}.Debug|Mixed Platforms.Build.0 = Debug|Any CPU
		{8FB489A0-64FA-4261-B495-86D2B1FBE0E1}.Debug|x86.ActiveCfg = Debug|Any CPU
		{8FB489A0-64FA-4261-B495-86D2B1FBE0E1}.Release|Any CPU.ActiveCfg = Release|Any CPU
		{8FB489A0-64FA-4261-B495-86D2B1FBE0E1}.Release|Any CPU.Build.0 = Release|Any CPU
		{8FB489A0-64FA-4261-B495-86D2B1FBE0E1}.Release|Mixed Platforms.ActiveCfg = Release|Any CPU
		{8FB489A0-64FA-4261-B495-86D2B1FBE0E1}.Release|Mixed Platforms.Build.0 = Release|Any CPU
		{8FB489A0-64FA-4261-B495-86D2B1FBE0E1}.Release|x86.ActiveCfg = Release|Any CPU
		{9DD31EBB-D053-4FF7-9FA9-F728C602A370}.Debug|Any CPU.ActiveCfg = Debug|Any CPU
		{9DD31EBB-D053-4FF7-9FA9-F728C602A370}.Debug|Any CPU.Build.0 = Debug|Any CPU
		{9DD31EBB-D053-4FF7-9FA9-F728C602A370}.Debug|Mixed Platforms.ActiveCfg = Debug|Any CPU
		{9DD31EBB-D053-4FF7-9FA9-F728C602A370}.Debug|Mixed Platforms.Build.0 = Debug|Any CPU
		{9DD31EBB-D053-4FF7-9FA9-F728C602A370}.Debug|x86.ActiveCfg = Debug|Any CPU
		{9DD31EBB-D053-4FF7-9FA9-F728C602A370}.Release|Any CPU.ActiveCfg = Release|Any CPU
		{9DD31EBB-D053-4FF7-9FA9-F728C602A370}.Release|Any CPU.Build.0 = Release|Any CPU
		{9DD31EBB-D053-4FF7-9FA9-F728C602A370}.Release|Mixed Platforms.ActiveCfg = Release|Any CPU
		{9DD31EBB-D053-4FF7-9FA9-F728C602A370}.Release|Mixed Platforms.Build.0 = Release|Any CPU
		{9DD31EBB-D053-4FF7-9FA9-F728C602A370}.Release|x86.ActiveCfg = Release|Any CPU
		{F3EBDD3D-E5A1-4ECB-8960-602D228066F8}.Debug|Any CPU.ActiveCfg = Debug|Any CPU
		{F3EBDD3D-E5A1-4ECB-8960-602D228066F8}.Debug|Any CPU.Build.0 = Debug|Any CPU
		{F3EBDD3D-E5A1-4ECB-8960-602D228066F8}.Debug|Mixed Platforms.ActiveCfg = Debug|Any CPU
		{F3EBDD3D-E5A1-4ECB-8960-602D228066F8}.Debug|Mixed Platforms.Build.0 = Debug|Any CPU
		{F3EBDD3D-E5A1-4ECB-8960-602D228066F8}.Debug|x86.ActiveCfg = Debug|Any CPU
		{F3EBDD3D-E5A1-4ECB-8960-602D228066F8}.Release|Any CPU.ActiveCfg = Release|Any CPU
		{F3EBDD3D-E5A1-4ECB-8960-602D228066F8}.Release|Any CPU.Build.0 = Release|Any CPU
		{F3EBDD3D-E5A1-4ECB-8960-602D228066F8}.Release|Mixed Platforms.ActiveCfg = Release|Any CPU
		{F3EBDD3D-E5A1-4ECB-8960-602D228066F8}.Release|Mixed Platforms.Build.0 = Release|Any CPU
		{F3EBDD3D-E5A1-4ECB-8960-602D228066F8}.Release|x86.ActiveCfg = Release|Any CPU
		{142F1DF7-0D12-4273-8378-688DBDA9FF6B}.Debug|Any CPU.ActiveCfg = Debug|x86
		{142F1DF7-0D12-4273-8378-688DBDA9FF6B}.Debug|Mixed Platforms.ActiveCfg = Debug|x86
		{142F1DF7-0D12-4273-8378-688DBDA9FF6B}.Debug|Mixed Platforms.Build.0 = Debug|x86
		{142F1DF7-0D12-4273-8378-688DBDA9FF6B}.Debug|x86.ActiveCfg = Debug|x86
		{142F1DF7-0D12-4273-8378-688DBDA9FF6B}.Debug|x86.Build.0 = Debug|x86
		{142F1DF7-0D12-4273-8378-688DBDA9FF6B}.Release|Any CPU.ActiveCfg = Release|x86
		{142F1DF7-0D12-4273-8378-688DBDA9FF6B}.Release|Mixed Platforms.ActiveCfg = Release|x86
		{142F1DF7-0D12-4273-8378-688DBDA9FF6B}.Release|Mixed Platforms.Build.0 = Release|x86
		{142F1DF7-0D12-4273-8378-688DBDA9FF6B}.Release|x86.ActiveCfg = Release|x86
		{142F1DF7-0D12-4273-8378-688DBDA9FF6B}.Release|x86.Build.0 = Release|x86
		{41000DA9-1E11-4620-827F-87E88118B9B3}.Debug|Any CPU.ActiveCfg = Debug|Any CPU
		{41000DA9-1E11-4620-827F-87E88118B9B3}.Debug|Any CPU.Build.0 = Debug|Any CPU
		{41000DA9-1E11-4620-827F-87E88118B9B3}.Debug|Mixed Platforms.ActiveCfg = Debug|Any CPU
		{41000DA9-1E11-4620-827F-87E88118B9B3}.Debug|Mixed Platforms.Build.0 = Debug|Any CPU
		{41000DA9-1E11-4620-827F-87E88118B9B3}.Debug|x86.ActiveCfg = Debug|Any CPU
		{41000DA9-1E11-4620-827F-87E88118B9B3}.Release|Any CPU.ActiveCfg = Release|Any CPU
		{41000DA9-1E11-4620-827F-87E88118B9B3}.Release|Any CPU.Build.0 = Release|Any CPU
		{41000DA9-1E11-4620-827F-87E88118B9B3}.Release|Mixed Platforms.ActiveCfg = Release|Any CPU
		{41000DA9-1E11-4620-827F-87E88118B9B3}.Release|Mixed Platforms.Build.0 = Release|Any CPU
		{41000DA9-1E11-4620-827F-87E88118B9B3}.Release|x86.ActiveCfg = Release|Any CPU
		{98CEFAF6-9E78-4DC2-A0B1-69AA7F9F6E21}.Debug|Any CPU.ActiveCfg = Debug|Any CPU
		{98CEFAF6-9E78-4DC2-A0B1-69AA7F9F6E21}.Debug|Any CPU.Build.0 = Debug|Any CPU
		{98CEFAF6-9E78-4DC2-A0B1-69AA7F9F6E21}.Debug|Mixed Platforms.ActiveCfg = Debug|Any CPU
		{98CEFAF6-9E78-4DC2-A0B1-69AA7F9F6E21}.Debug|Mixed Platforms.Build.0 = Debug|Any CPU
		{98CEFAF6-9E78-4DC2-A0B1-69AA7F9F6E21}.Debug|x86.ActiveCfg = Debug|Any CPU
		{98CEFAF6-9E78-4DC2-A0B1-69AA7F9F6E21}.Release|Any CPU.ActiveCfg = Release|Any CPU
		{98CEFAF6-9E78-4DC2-A0B1-69AA7F9F6E21}.Release|Any CPU.Build.0 = Release|Any CPU
		{98CEFAF6-9E78-4DC2-A0B1-69AA7F9F6E21}.Release|Mixed Platforms.ActiveCfg = Release|Any CPU
		{98CEFAF6-9E78-4DC2-A0B1-69AA7F9F6E21}.Release|Mixed Platforms.Build.0 = Release|Any CPU
		{98CEFAF6-9E78-4DC2-A0B1-69AA7F9F6E21}.Release|x86.ActiveCfg = Release|Any CPU
		{6D2450F1-6E43-4629-9859-506E938337FD}.Debug|Any CPU.ActiveCfg = Debug|x86
		{6D2450F1-6E43-4629-9859-506E938337FD}.Debug|Mixed Platforms.ActiveCfg = Debug|x86
		{6D2450F1-6E43-4629-9859-506E938337FD}.Debug|Mixed Platforms.Build.0 = Debug|x86
		{6D2450F1-6E43-4629-9859-506E938337FD}.Debug|x86.ActiveCfg = Debug|x86
		{6D2450F1-6E43-4629-9859-506E938337FD}.Debug|x86.Build.0 = Debug|x86
		{6D2450F1-6E43-4629-9859-506E938337FD}.Release|Any CPU.ActiveCfg = Release|x86
		{6D2450F1-6E43-4629-9859-506E938337FD}.Release|Mixed Platforms.ActiveCfg = Release|x86
		{6D2450F1-6E43-4629-9859-506E938337FD}.Release|Mixed Platforms.Build.0 = Release|x86
		{6D2450F1-6E43-4629-9859-506E938337FD}.Release|x86.ActiveCfg = Release|x86
		{6D2450F1-6E43-4629-9859-506E938337FD}.Release|x86.Build.0 = Release|x86
		{E51A89AF-7E67-44DC-ADC9-B1AE4F1FA0B2}.Debug|Any CPU.ActiveCfg = Debug|x86
		{E51A89AF-7E67-44DC-ADC9-B1AE4F1FA0B2}.Debug|Mixed Platforms.ActiveCfg = Debug|x86
		{E51A89AF-7E67-44DC-ADC9-B1AE4F1FA0B2}.Debug|Mixed Platforms.Build.0 = Debug|x86
		{E51A89AF-7E67-44DC-ADC9-B1AE4F1FA0B2}.Debug|x86.ActiveCfg = Debug|x86
		{E51A89AF-7E67-44DC-ADC9-B1AE4F1FA0B2}.Debug|x86.Build.0 = Debug|x86
		{E51A89AF-7E67-44DC-ADC9-B1AE4F1FA0B2}.Release|Any CPU.ActiveCfg = Release|x86
		{E51A89AF-7E67-44DC-ADC9-B1AE4F1FA0B2}.Release|Mixed Platforms.ActiveCfg = Release|x86
		{E51A89AF-7E67-44DC-ADC9-B1AE4F1FA0B2}.Release|Mixed Platforms.Build.0 = Release|x86
		{E51A89AF-7E67-44DC-ADC9-B1AE4F1FA0B2}.Release|x86.ActiveCfg = Release|x86
		{E51A89AF-7E67-44DC-ADC9-B1AE4F1FA0B2}.Release|x86.Build.0 = Release|x86
		{33E974C1-06FC-40CB-9591-FFE688BE77F6}.Debug|Any CPU.ActiveCfg = Debug|Any CPU
		{33E974C1-06FC-40CB-9591-FFE688BE77F6}.Debug|Any CPU.Build.0 = Debug|Any CPU
		{33E974C1-06FC-40CB-9591-FFE688BE77F6}.Debug|Mixed Platforms.ActiveCfg = Debug|x86
		{33E974C1-06FC-40CB-9591-FFE688BE77F6}.Debug|Mixed Platforms.Build.0 = Debug|x86
		{33E974C1-06FC-40CB-9591-FFE688BE77F6}.Debug|x86.ActiveCfg = Debug|x86
		{33E974C1-06FC-40CB-9591-FFE688BE77F6}.Debug|x86.Build.0 = Debug|x86
		{33E974C1-06FC-40CB-9591-FFE688BE77F6}.Release|Any CPU.ActiveCfg = Release|Any CPU
		{33E974C1-06FC-40CB-9591-FFE688BE77F6}.Release|Any CPU.Build.0 = Release|Any CPU
		{33E974C1-06FC-40CB-9591-FFE688BE77F6}.Release|Mixed Platforms.ActiveCfg = Release|x86
		{33E974C1-06FC-40CB-9591-FFE688BE77F6}.Release|Mixed Platforms.Build.0 = Release|x86
		{33E974C1-06FC-40CB-9591-FFE688BE77F6}.Release|x86.ActiveCfg = Release|x86
		{33E974C1-06FC-40CB-9591-FFE688BE77F6}.Release|x86.Build.0 = Release|x86
		{25C42725-8BFD-4ABF-977D-AC600A663790}.Debug|Any CPU.ActiveCfg = Debug|Any CPU
		{25C42725-8BFD-4ABF-977D-AC600A663790}.Debug|Any CPU.Build.0 = Debug|Any CPU
		{25C42725-8BFD-4ABF-977D-AC600A663790}.Debug|Mixed Platforms.ActiveCfg = Debug|Any CPU
		{25C42725-8BFD-4ABF-977D-AC600A663790}.Debug|Mixed Platforms.Build.0 = Debug|Any CPU
		{25C42725-8BFD-4ABF-977D-AC600A663790}.Debug|x86.ActiveCfg = Debug|Any CPU
		{25C42725-8BFD-4ABF-977D-AC600A663790}.Release|Any CPU.ActiveCfg = Release|Any CPU
		{25C42725-8BFD-4ABF-977D-AC600A663790}.Release|Any CPU.Build.0 = Release|Any CPU
		{25C42725-8BFD-4ABF-977D-AC600A663790}.Release|Mixed Platforms.ActiveCfg = Release|Any CPU
		{25C42725-8BFD-4ABF-977D-AC600A663790}.Release|Mixed Platforms.Build.0 = Release|Any CPU
		{25C42725-8BFD-4ABF-977D-AC600A663790}.Release|x86.ActiveCfg = Release|Any CPU
		{1A704009-0ABE-4A42-AFF2-03514E0C5860}.Debug|Any CPU.ActiveCfg = Debug|Any CPU
		{1A704009-0ABE-4A42-AFF2-03514E0C5860}.Debug|Any CPU.Build.0 = Debug|Any CPU
		{1A704009-0ABE-4A42-AFF2-03514E0C5860}.Debug|Mixed Platforms.ActiveCfg = Debug|Any CPU
		{1A704009-0ABE-4A42-AFF2-03514E0C5860}.Debug|Mixed Platforms.Build.0 = Debug|Any CPU
		{1A704009-0ABE-4A42-AFF2-03514E0C5860}.Debug|x86.ActiveCfg = Debug|Any CPU
		{1A704009-0ABE-4A42-AFF2-03514E0C5860}.Release|Any CPU.ActiveCfg = Release|Any CPU
		{1A704009-0ABE-4A42-AFF2-03514E0C5860}.Release|Any CPU.Build.0 = Release|Any CPU
		{1A704009-0ABE-4A42-AFF2-03514E0C5860}.Release|Mixed Platforms.ActiveCfg = Release|Any CPU
		{1A704009-0ABE-4A42-AFF2-03514E0C5860}.Release|Mixed Platforms.Build.0 = Release|Any CPU
		{1A704009-0ABE-4A42-AFF2-03514E0C5860}.Release|x86.ActiveCfg = Release|Any CPU
		{05FE020F-A594-40A0-99FF-E61A913B7DC9}.Debug|Any CPU.ActiveCfg = Debug|Any CPU
		{05FE020F-A594-40A0-99FF-E61A913B7DC9}.Debug|Any CPU.Build.0 = Debug|Any CPU
		{05FE020F-A594-40A0-99FF-E61A913B7DC9}.Debug|Mixed Platforms.ActiveCfg = Debug|Any CPU
		{05FE020F-A594-40A0-99FF-E61A913B7DC9}.Debug|Mixed Platforms.Build.0 = Debug|Any CPU
		{05FE020F-A594-40A0-99FF-E61A913B7DC9}.Debug|x86.ActiveCfg = Debug|Any CPU
		{05FE020F-A594-40A0-99FF-E61A913B7DC9}.Release|Any CPU.ActiveCfg = Release|Any CPU
		{05FE020F-A594-40A0-99FF-E61A913B7DC9}.Release|Any CPU.Build.0 = Release|Any CPU
		{05FE020F-A594-40A0-99FF-E61A913B7DC9}.Release|Mixed Platforms.ActiveCfg = Release|Any CPU
		{05FE020F-A594-40A0-99FF-E61A913B7DC9}.Release|Mixed Platforms.Build.0 = Release|Any CPU
		{05FE020F-A594-40A0-99FF-E61A913B7DC9}.Release|x86.ActiveCfg = Release|Any CPU
		{16DE5271-2851-47E9-BE5C-F5C1AA6A9764}.Debug|Any CPU.ActiveCfg = Debug|Any CPU
		{16DE5271-2851-47E9-BE5C-F5C1AA6A9764}.Debug|Any CPU.Build.0 = Debug|Any CPU
		{16DE5271-2851-47E9-BE5C-F5C1AA6A9764}.Debug|Mixed Platforms.ActiveCfg = Debug|Any CPU
		{16DE5271-2851-47E9-BE5C-F5C1AA6A9764}.Debug|Mixed Platforms.Build.0 = Debug|Any CPU
		{16DE5271-2851-47E9-BE5C-F5C1AA6A9764}.Debug|x86.ActiveCfg = Debug|Any CPU
		{16DE5271-2851-47E9-BE5C-F5C1AA6A9764}.Release|Any CPU.ActiveCfg = Release|Any CPU
		{16DE5271-2851-47E9-BE5C-F5C1AA6A9764}.Release|Any CPU.Build.0 = Release|Any CPU
		{16DE5271-2851-47E9-BE5C-F5C1AA6A9764}.Release|Mixed Platforms.ActiveCfg = Release|Any CPU
		{16DE5271-2851-47E9-BE5C-F5C1AA6A9764}.Release|Mixed Platforms.Build.0 = Release|Any CPU
		{16DE5271-2851-47E9-BE5C-F5C1AA6A9764}.Release|x86.ActiveCfg = Release|Any CPU
		{445176DD-CDB2-4EE3-9FDE-00CC42AFFB70}.Debug|Any CPU.ActiveCfg = Debug|Any CPU
		{445176DD-CDB2-4EE3-9FDE-00CC42AFFB70}.Debug|Any CPU.Build.0 = Debug|Any CPU
		{445176DD-CDB2-4EE3-9FDE-00CC42AFFB70}.Debug|Mixed Platforms.ActiveCfg = Debug|Any CPU
		{445176DD-CDB2-4EE3-9FDE-00CC42AFFB70}.Debug|Mixed Platforms.Build.0 = Debug|Any CPU
		{445176DD-CDB2-4EE3-9FDE-00CC42AFFB70}.Debug|x86.ActiveCfg = Debug|Any CPU
		{445176DD-CDB2-4EE3-9FDE-00CC42AFFB70}.Release|Any CPU.ActiveCfg = Release|Any CPU
		{445176DD-CDB2-4EE3-9FDE-00CC42AFFB70}.Release|Any CPU.Build.0 = Release|Any CPU
		{445176DD-CDB2-4EE3-9FDE-00CC42AFFB70}.Release|Mixed Platforms.ActiveCfg = Release|Any CPU
		{445176DD-CDB2-4EE3-9FDE-00CC42AFFB70}.Release|Mixed Platforms.Build.0 = Release|Any CPU
		{445176DD-CDB2-4EE3-9FDE-00CC42AFFB70}.Release|x86.ActiveCfg = Release|Any CPU
		{2E842FA7-CC7E-418A-8D6C-0491DB93F668}.Debug|Any CPU.ActiveCfg = Debug|Any CPU
		{2E842FA7-CC7E-418A-8D6C-0491DB93F668}.Debug|Any CPU.Build.0 = Debug|Any CPU
		{2E842FA7-CC7E-418A-8D6C-0491DB93F668}.Debug|Mixed Platforms.ActiveCfg = Debug|Any CPU
		{2E842FA7-CC7E-418A-8D6C-0491DB93F668}.Debug|Mixed Platforms.Build.0 = Debug|Any CPU
		{2E842FA7-CC7E-418A-8D6C-0491DB93F668}.Debug|x86.ActiveCfg = Debug|Any CPU
		{2E842FA7-CC7E-418A-8D6C-0491DB93F668}.Release|Any CPU.ActiveCfg = Release|Any CPU
		{2E842FA7-CC7E-418A-8D6C-0491DB93F668}.Release|Any CPU.Build.0 = Release|Any CPU
		{2E842FA7-CC7E-418A-8D6C-0491DB93F668}.Release|Mixed Platforms.ActiveCfg = Release|Any CPU
		{2E842FA7-CC7E-418A-8D6C-0491DB93F668}.Release|Mixed Platforms.Build.0 = Release|Any CPU
		{2E842FA7-CC7E-418A-8D6C-0491DB93F668}.Release|x86.ActiveCfg = Release|Any CPU
		{4DA8F72C-FAB0-41DA-80A2-D65401503E8E}.Debug|Any CPU.ActiveCfg = Debug|Any CPU
		{4DA8F72C-FAB0-41DA-80A2-D65401503E8E}.Debug|Any CPU.Build.0 = Debug|Any CPU
		{4DA8F72C-FAB0-41DA-80A2-D65401503E8E}.Debug|Mixed Platforms.ActiveCfg = Debug|x86
		{4DA8F72C-FAB0-41DA-80A2-D65401503E8E}.Debug|Mixed Platforms.Build.0 = Debug|x86
		{4DA8F72C-FAB0-41DA-80A2-D65401503E8E}.Debug|x86.ActiveCfg = Debug|x86
		{4DA8F72C-FAB0-41DA-80A2-D65401503E8E}.Debug|x86.Build.0 = Debug|x86
		{4DA8F72C-FAB0-41DA-80A2-D65401503E8E}.Release|Any CPU.ActiveCfg = Release|Any CPU
		{4DA8F72C-FAB0-41DA-80A2-D65401503E8E}.Release|Any CPU.Build.0 = Release|Any CPU
		{4DA8F72C-FAB0-41DA-80A2-D65401503E8E}.Release|Mixed Platforms.ActiveCfg = Release|x86
		{4DA8F72C-FAB0-41DA-80A2-D65401503E8E}.Release|Mixed Platforms.Build.0 = Release|x86
		{4DA8F72C-FAB0-41DA-80A2-D65401503E8E}.Release|x86.ActiveCfg = Release|x86
		{4DA8F72C-FAB0-41DA-80A2-D65401503E8E}.Release|x86.Build.0 = Release|x86
		{B557D842-FE16-4A94-BEA5-37CEE20D9AEF}.Debug|Any CPU.ActiveCfg = Debug|Any CPU
		{B557D842-FE16-4A94-BEA5-37CEE20D9AEF}.Debug|Any CPU.Build.0 = Debug|Any CPU
		{B557D842-FE16-4A94-BEA5-37CEE20D9AEF}.Debug|Mixed Platforms.ActiveCfg = Debug|Any CPU
		{B557D842-FE16-4A94-BEA5-37CEE20D9AEF}.Debug|Mixed Platforms.Build.0 = Debug|Any CPU
		{B557D842-FE16-4A94-BEA5-37CEE20D9AEF}.Debug|x86.ActiveCfg = Debug|Any CPU
		{B557D842-FE16-4A94-BEA5-37CEE20D9AEF}.Release|Any CPU.ActiveCfg = Release|Any CPU
		{B557D842-FE16-4A94-BEA5-37CEE20D9AEF}.Release|Any CPU.Build.0 = Release|Any CPU
		{B557D842-FE16-4A94-BEA5-37CEE20D9AEF}.Release|Mixed Platforms.ActiveCfg = Release|Any CPU
		{B557D842-FE16-4A94-BEA5-37CEE20D9AEF}.Release|Mixed Platforms.Build.0 = Release|Any CPU
		{B557D842-FE16-4A94-BEA5-37CEE20D9AEF}.Release|x86.ActiveCfg = Release|Any CPU
		{7273484A-4403-400E-998A-42C034276E3F}.Debug|Any CPU.ActiveCfg = Debug|Any CPU
		{7273484A-4403-400E-998A-42C034276E3F}.Debug|Any CPU.Build.0 = Debug|Any CPU
		{7273484A-4403-400E-998A-42C034276E3F}.Debug|Mixed Platforms.ActiveCfg = Debug|Any CPU
		{7273484A-4403-400E-998A-42C034276E3F}.Debug|Mixed Platforms.Build.0 = Debug|Any CPU
		{7273484A-4403-400E-998A-42C034276E3F}.Debug|x86.ActiveCfg = Debug|Any CPU
		{7273484A-4403-400E-998A-42C034276E3F}.Release|Any CPU.ActiveCfg = Release|Any CPU
		{7273484A-4403-400E-998A-42C034276E3F}.Release|Any CPU.Build.0 = Release|Any CPU
		{7273484A-4403-400E-998A-42C034276E3F}.Release|Mixed Platforms.ActiveCfg = Release|Any CPU
		{7273484A-4403-400E-998A-42C034276E3F}.Release|Mixed Platforms.Build.0 = Release|Any CPU
		{7273484A-4403-400E-998A-42C034276E3F}.Release|x86.ActiveCfg = Release|Any CPU
		{AB704F4D-EC4F-4D88-9BA2-9E1A5BCFE3D4}.Debug|Any CPU.ActiveCfg = Debug|Any CPU
		{AB704F4D-EC4F-4D88-9BA2-9E1A5BCFE3D4}.Debug|Any CPU.Build.0 = Debug|Any CPU
		{AB704F4D-EC4F-4D88-9BA2-9E1A5BCFE3D4}.Debug|Mixed Platforms.ActiveCfg = Debug|Any CPU
		{AB704F4D-EC4F-4D88-9BA2-9E1A5BCFE3D4}.Debug|Mixed Platforms.Build.0 = Debug|Any CPU
		{AB704F4D-EC4F-4D88-9BA2-9E1A5BCFE3D4}.Debug|x86.ActiveCfg = Debug|Any CPU
		{AB704F4D-EC4F-4D88-9BA2-9E1A5BCFE3D4}.Release|Any CPU.ActiveCfg = Release|Any CPU
		{AB704F4D-EC4F-4D88-9BA2-9E1A5BCFE3D4}.Release|Any CPU.Build.0 = Release|Any CPU
		{AB704F4D-EC4F-4D88-9BA2-9E1A5BCFE3D4}.Release|Mixed Platforms.ActiveCfg = Release|Any CPU
		{AB704F4D-EC4F-4D88-9BA2-9E1A5BCFE3D4}.Release|Mixed Platforms.Build.0 = Release|Any CPU
		{AB704F4D-EC4F-4D88-9BA2-9E1A5BCFE3D4}.Release|x86.ActiveCfg = Release|Any CPU
		{C720FAFD-8638-4F2A-B3AB-A843BE3C235C}.Debug|Any CPU.ActiveCfg = Debug|Any CPU
		{C720FAFD-8638-4F2A-B3AB-A843BE3C235C}.Debug|Any CPU.Build.0 = Debug|Any CPU
		{C720FAFD-8638-4F2A-B3AB-A843BE3C235C}.Debug|Mixed Platforms.ActiveCfg = Debug|Any CPU
		{C720FAFD-8638-4F2A-B3AB-A843BE3C235C}.Debug|Mixed Platforms.Build.0 = Debug|Any CPU
		{C720FAFD-8638-4F2A-B3AB-A843BE3C235C}.Debug|x86.ActiveCfg = Debug|Any CPU
		{C720FAFD-8638-4F2A-B3AB-A843BE3C235C}.Release|Any CPU.ActiveCfg = Release|Any CPU
		{C720FAFD-8638-4F2A-B3AB-A843BE3C235C}.Release|Any CPU.Build.0 = Release|Any CPU
		{C720FAFD-8638-4F2A-B3AB-A843BE3C235C}.Release|Mixed Platforms.ActiveCfg = Release|Any CPU
		{C720FAFD-8638-4F2A-B3AB-A843BE3C235C}.Release|Mixed Platforms.Build.0 = Release|Any CPU
		{C720FAFD-8638-4F2A-B3AB-A843BE3C235C}.Release|x86.ActiveCfg = Release|Any CPU
		{6A4FDAC8-8B42-40E7-8213-143A30CBAD72}.Debug|Any CPU.ActiveCfg = Debug|Any CPU
		{6A4FDAC8-8B42-40E7-8213-143A30CBAD72}.Debug|Any CPU.Build.0 = Debug|Any CPU
		{6A4FDAC8-8B42-40E7-8213-143A30CBAD72}.Debug|Mixed Platforms.ActiveCfg = Debug|Any CPU
		{6A4FDAC8-8B42-40E7-8213-143A30CBAD72}.Debug|Mixed Platforms.Build.0 = Debug|Any CPU
		{6A4FDAC8-8B42-40E7-8213-143A30CBAD72}.Debug|x86.ActiveCfg = Debug|Any CPU
		{6A4FDAC8-8B42-40E7-8213-143A30CBAD72}.Release|Any CPU.ActiveCfg = Release|Any CPU
		{6A4FDAC8-8B42-40E7-8213-143A30CBAD72}.Release|Any CPU.Build.0 = Release|Any CPU
		{6A4FDAC8-8B42-40E7-8213-143A30CBAD72}.Release|Mixed Platforms.ActiveCfg = Release|Any CPU
		{6A4FDAC8-8B42-40E7-8213-143A30CBAD72}.Release|Mixed Platforms.Build.0 = Release|Any CPU
		{6A4FDAC8-8B42-40E7-8213-143A30CBAD72}.Release|x86.ActiveCfg = Release|Any CPU
		{4DD8C9DC-17EC-4E7C-BDFA-6476AE22DD30}.Debug|Any CPU.ActiveCfg = Debug|Any CPU
		{4DD8C9DC-17EC-4E7C-BDFA-6476AE22DD30}.Debug|Any CPU.Build.0 = Debug|Any CPU
		{4DD8C9DC-17EC-4E7C-BDFA-6476AE22DD30}.Debug|Mixed Platforms.ActiveCfg = Debug|Any CPU
		{4DD8C9DC-17EC-4E7C-BDFA-6476AE22DD30}.Debug|Mixed Platforms.Build.0 = Debug|Any CPU
		{4DD8C9DC-17EC-4E7C-BDFA-6476AE22DD30}.Debug|x86.ActiveCfg = Debug|Any CPU
		{4DD8C9DC-17EC-4E7C-BDFA-6476AE22DD30}.Release|Any CPU.ActiveCfg = Release|Any CPU
		{4DD8C9DC-17EC-4E7C-BDFA-6476AE22DD30}.Release|Any CPU.Build.0 = Release|Any CPU
		{4DD8C9DC-17EC-4E7C-BDFA-6476AE22DD30}.Release|Mixed Platforms.ActiveCfg = Release|Any CPU
		{4DD8C9DC-17EC-4E7C-BDFA-6476AE22DD30}.Release|Mixed Platforms.Build.0 = Release|Any CPU
		{4DD8C9DC-17EC-4E7C-BDFA-6476AE22DD30}.Release|x86.ActiveCfg = Release|Any CPU
		{AED9BDC2-B7F0-4C26-A726-796D51410E89}.Debug|Any CPU.ActiveCfg = Debug|Any CPU
		{AED9BDC2-B7F0-4C26-A726-796D51410E89}.Debug|Any CPU.Build.0 = Debug|Any CPU
		{AED9BDC2-B7F0-4C26-A726-796D51410E89}.Debug|Mixed Platforms.ActiveCfg = Debug|Any CPU
		{AED9BDC2-B7F0-4C26-A726-796D51410E89}.Debug|Mixed Platforms.Build.0 = Debug|Any CPU
		{AED9BDC2-B7F0-4C26-A726-796D51410E89}.Debug|x86.ActiveCfg = Debug|Any CPU
		{AED9BDC2-B7F0-4C26-A726-796D51410E89}.Release|Any CPU.ActiveCfg = Release|Any CPU
		{AED9BDC2-B7F0-4C26-A726-796D51410E89}.Release|Any CPU.Build.0 = Release|Any CPU
		{AED9BDC2-B7F0-4C26-A726-796D51410E89}.Release|Mixed Platforms.ActiveCfg = Release|Any CPU
		{AED9BDC2-B7F0-4C26-A726-796D51410E89}.Release|Mixed Platforms.Build.0 = Release|Any CPU
		{AED9BDC2-B7F0-4C26-A726-796D51410E89}.Release|x86.ActiveCfg = Release|Any CPU
		{EF025197-112C-4546-9982-AFD9F7C0B040}.Debug|Any CPU.ActiveCfg = Debug|Any CPU
		{EF025197-112C-4546-9982-AFD9F7C0B040}.Debug|Any CPU.Build.0 = Debug|Any CPU
		{EF025197-112C-4546-9982-AFD9F7C0B040}.Debug|Mixed Platforms.ActiveCfg = Debug|Any CPU
		{EF025197-112C-4546-9982-AFD9F7C0B040}.Debug|Mixed Platforms.Build.0 = Debug|Any CPU
		{EF025197-112C-4546-9982-AFD9F7C0B040}.Debug|x86.ActiveCfg = Debug|Any CPU
		{EF025197-112C-4546-9982-AFD9F7C0B040}.Release|Any CPU.ActiveCfg = Release|Any CPU
		{EF025197-112C-4546-9982-AFD9F7C0B040}.Release|Any CPU.Build.0 = Release|Any CPU
		{EF025197-112C-4546-9982-AFD9F7C0B040}.Release|Mixed Platforms.ActiveCfg = Release|Any CPU
		{EF025197-112C-4546-9982-AFD9F7C0B040}.Release|Mixed Platforms.Build.0 = Release|Any CPU
		{EF025197-112C-4546-9982-AFD9F7C0B040}.Release|x86.ActiveCfg = Release|Any CPU
		{B32914FF-FD62-4E2B-945D-81081DA4C65C}.Debug|Any CPU.ActiveCfg = Debug|Any CPU
		{B32914FF-FD62-4E2B-945D-81081DA4C65C}.Debug|Any CPU.Build.0 = Debug|Any CPU
		{B32914FF-FD62-4E2B-945D-81081DA4C65C}.Debug|Mixed Platforms.ActiveCfg = Debug|Any CPU
		{B32914FF-FD62-4E2B-945D-81081DA4C65C}.Debug|Mixed Platforms.Build.0 = Debug|Any CPU
		{B32914FF-FD62-4E2B-945D-81081DA4C65C}.Debug|x86.ActiveCfg = Debug|Any CPU
		{B32914FF-FD62-4E2B-945D-81081DA4C65C}.Debug|x86.Build.0 = Debug|Any CPU
		{B32914FF-FD62-4E2B-945D-81081DA4C65C}.Release|Any CPU.ActiveCfg = Release|Any CPU
		{B32914FF-FD62-4E2B-945D-81081DA4C65C}.Release|Any CPU.Build.0 = Release|Any CPU
		{B32914FF-FD62-4E2B-945D-81081DA4C65C}.Release|Mixed Platforms.ActiveCfg = Release|Any CPU
		{B32914FF-FD62-4E2B-945D-81081DA4C65C}.Release|Mixed Platforms.Build.0 = Release|Any CPU
		{B32914FF-FD62-4E2B-945D-81081DA4C65C}.Release|x86.ActiveCfg = Release|Any CPU
		{B32914FF-FD62-4E2B-945D-81081DA4C65C}.Release|x86.Build.0 = Release|Any CPU
		{091D6F81-6FCB-4975-8E8C-559B3560FD19}.Debug|Any CPU.ActiveCfg = Debug|Any CPU
		{091D6F81-6FCB-4975-8E8C-559B3560FD19}.Debug|Any CPU.Build.0 = Debug|Any CPU
		{091D6F81-6FCB-4975-8E8C-559B3560FD19}.Debug|Mixed Platforms.ActiveCfg = Debug|Any CPU
		{091D6F81-6FCB-4975-8E8C-559B3560FD19}.Debug|Mixed Platforms.Build.0 = Debug|Any CPU
		{091D6F81-6FCB-4975-8E8C-559B3560FD19}.Debug|x86.ActiveCfg = Debug|Any CPU
		{091D6F81-6FCB-4975-8E8C-559B3560FD19}.Debug|x86.Build.0 = Debug|Any CPU
		{091D6F81-6FCB-4975-8E8C-559B3560FD19}.Release|Any CPU.ActiveCfg = Release|Any CPU
		{091D6F81-6FCB-4975-8E8C-559B3560FD19}.Release|Any CPU.Build.0 = Release|Any CPU
		{091D6F81-6FCB-4975-8E8C-559B3560FD19}.Release|Mixed Platforms.ActiveCfg = Release|Any CPU
		{091D6F81-6FCB-4975-8E8C-559B3560FD19}.Release|Mixed Platforms.Build.0 = Release|Any CPU
		{091D6F81-6FCB-4975-8E8C-559B3560FD19}.Release|x86.ActiveCfg = Release|Any CPU
		{091D6F81-6FCB-4975-8E8C-559B3560FD19}.Release|x86.Build.0 = Release|Any CPU
	EndGlobalSection
	GlobalSection(SolutionProperties) = preSolution
		HideSolutionNode = FALSE
	EndGlobalSection
	GlobalSection(ExtensibilityGlobals) = postSolution
		SolutionGuid = {ED761210-39B2-4C81-8C96-22DF46DF797E}
	EndGlobalSection
EndGlobal
